
Microsoft Visual Studio Solution File, Format Version 12.00
# Visual Studio Version 16
VisualStudioVersion = 16.0.30413.136
MinimumVisualStudioVersion = 10.0.40219.1
Project("{FAE04EC0-301F-11D3-BF4B-00C04F79EFBC}") = "Bookstore", "Bookstore.csproj", "{89D6A4F6-F84B-455B-A51A-4AC79EE0946C}"
EndProject
Global
	GlobalSection(SolutionConfigurationPlatforms) = preSolution
		Debug|Any CPU = Debug|Any CPU
		Release|Any CPU = Release|Any CPU
	EndGlobalSection
	GlobalSection(ProjectConfigurationPlatforms) = postSolution
		{89D6A4F6-F84B-455B-A51A-4AC79EE0946C}.Debug|Any CPU.ActiveCfg = Debug|Any CPU
		{89D6A4F6-F84B-455B-A51A-4AC79EE0946C}.Debug|Any CPU.Build.0 = Debug|Any CPU
		{89D6A4F6-F84B-455B-A51A-4AC79EE0946C}.Release|Any CPU.ActiveCfg = Release|Any CPU
		{89D6A4F6-F84B-455B-A51A-4AC79EE0946C}.Release|Any CPU.Build.0 = Release|Any CPU
	EndGlobalSection
	GlobalSection(SolutionProperties) = preSolution
		HideSolutionNode = FALSE
	EndGlobalSection
	GlobalSection(ExtensibilityGlobals) = postSolution
		SolutionGuid = {72A0F7BC-48E8-43AC-AE4C-6070FB74065B}
	EndGlobalSection
EndGlobal
